
Microsoft Visual Studio Solution File, Format Version 12.00
# Visual Studio Version 16
VisualStudioVersion = 16.0.31702.278
MinimumVisualStudioVersion = 10.0.40219.1
Project("{FAE04EC0-301F-11D3-BF4B-00C04F79EFBC}") = "MetricsAgent", "MetricsAgent.csproj", "{D461725B-E58F-4EAE-A122-7310658C4801}"
EndProject
Project("{FAE04EC0-301F-11D3-BF4B-00C04F79EFBC}") = "MetricsManager", "..\MetricsManager\MetricsManager.csproj", "{313FCE09-1DBC-4265-A710-A7780C228772}"
EndProject
Project("{FAE04EC0-301F-11D3-BF4B-00C04F79EFBC}") = "MetricsAgentTests", "..\MetricsAgentTests\MetricsAgentTests.csproj", "{0FDB4E92-3DDA-4E5C-A74D-48D7421613B4}"
EndProject
Project("{FAE04EC0-301F-11D3-BF4B-00C04F79EFBC}") = "MetricsManagerTests", "..\MetricsManagerTests\MetricsManagerTests.csproj", "{97A223CD-1106-4124-A0C2-0D6418058719}"
EndProject
Global
	GlobalSection(SolutionConfigurationPlatforms) = preSolution
		Debug|Any CPU = Debug|Any CPU
		Release|Any CPU = Release|Any CPU
	EndGlobalSection
	GlobalSection(ProjectConfigurationPlatforms) = postSolution
		{D461725B-E58F-4EAE-A122-7310658C4801}.Debug|Any CPU.ActiveCfg = Debug|Any CPU
		{D461725B-E58F-4EAE-A122-7310658C4801}.Debug|Any CPU.Build.0 = Debug|Any CPU
		{D461725B-E58F-4EAE-A122-7310658C4801}.Release|Any CPU.ActiveCfg = Release|Any CPU
		{D461725B-E58F-4EAE-A122-7310658C4801}.Release|Any CPU.Build.0 = Release|Any CPU
		{313FCE09-1DBC-4265-A710-A7780C228772}.Debug|Any CPU.ActiveCfg = Debug|Any CPU
		{313FCE09-1DBC-4265-A710-A7780C228772}.Debug|Any CPU.Build.0 = Debug|Any CPU
		{313FCE09-1DBC-4265-A710-A7780C228772}.Release|Any CPU.ActiveCfg = Release|Any CPU
		{313FCE09-1DBC-4265-A710-A7780C228772}.Release|Any CPU.Build.0 = Release|Any CPU
		{0FDB4E92-3DDA-4E5C-A74D-48D7421613B4}.Debug|Any CPU.ActiveCfg = Debug|Any CPU
		{0FDB4E92-3DDA-4E5C-A74D-48D7421613B4}.Debug|Any CPU.Build.0 = Debug|Any CPU
		{0FDB4E92-3DDA-4E5C-A74D-48D7421613B4}.Release|Any CPU.ActiveCfg = Release|Any CPU
		{0FDB4E92-3DDA-4E5C-A74D-48D7421613B4}.Release|Any CPU.Build.0 = Release|Any CPU
		{97A223CD-1106-4124-A0C2-0D6418058719}.Debug|Any CPU.ActiveCfg = Debug|Any CPU
		{97A223CD-1106-4124-A0C2-0D6418058719}.Debug|Any CPU.Build.0 = Debug|Any CPU
		{97A223CD-1106-4124-A0C2-0D6418058719}.Release|Any CPU.ActiveCfg = Release|Any CPU
		{97A223CD-1106-4124-A0C2-0D6418058719}.Release|Any CPU.Build.0 = Release|Any CPU
	EndGlobalSection
	GlobalSection(SolutionProperties) = preSolution
		HideSolutionNode = FALSE
	EndGlobalSection
	GlobalSection(ExtensibilityGlobals) = postSolution
		SolutionGuid = {F4219291-C1B2-473F-8EF2-2DEC9D7373C4}
	EndGlobalSection
EndGlobal
